// !$*UTF8*$!
{
	archiveVersion = 1;
	classes = {
	};
	objectVersion = 52;
	objects = {

/* Begin PBXBuildFile section */
		E11C0BC12397FD7700B0D881 /* SignIn.swift in Sources */ = {isa = PBXBuildFile; fileRef = E11C0BC02397FD7700B0D881 /* SignIn.swift */; };
		E13B0E4D2390368100FF8A9A /* Alamofire in Frameworks */ = {isa = PBXBuildFile; productRef = E13B0E4C2390368100FF8A9A /* Alamofire */; };
		E16932942388483E0017B4FE /* AppDelegate.swift in Sources */ = {isa = PBXBuildFile; fileRef = E16932932388483E0017B4FE /* AppDelegate.swift */; };
		E16932962388483E0017B4FE /* SceneDelegate.swift in Sources */ = {isa = PBXBuildFile; fileRef = E16932952388483E0017B4FE /* SceneDelegate.swift */; };
		E16932982388483E0017B4FE /* ContentView.swift in Sources */ = {isa = PBXBuildFile; fileRef = E16932972388483E0017B4FE /* ContentView.swift */; };
		E169329A238848410017B4FE /* Assets.xcassets in Resources */ = {isa = PBXBuildFile; fileRef = E1693299238848410017B4FE /* Assets.xcassets */; };
		E169329D238848410017B4FE /* Preview Assets.xcassets in Resources */ = {isa = PBXBuildFile; fileRef = E169329C238848410017B4FE /* Preview Assets.xcassets */; };
		E16932A0238848410017B4FE /* LaunchScreen.storyboard in Resources */ = {isa = PBXBuildFile; fileRef = E169329E238848410017B4FE /* LaunchScreen.storyboard */; };
		E16932AB23884FC70017B4FE /* IntroView.swift in Sources */ = {isa = PBXBuildFile; fileRef = E16932AA23884FC70017B4FE /* IntroView.swift */; };
		E16CAFE1238974840005483D /* BarView.swift in Sources */ = {isa = PBXBuildFile; fileRef = E16CAFE0238974840005483D /* BarView.swift */; };
		E18445E4238A6D5D00EA01C1 /* Artwork.swift in Sources */ = {isa = PBXBuildFile; fileRef = E18445E3238A6D5D00EA01C1 /* Artwork.swift */; };
		E18445E6238A77AD00EA01C1 /* ArtDetailView.swift in Sources */ = {isa = PBXBuildFile; fileRef = E18445E5238A77AD00EA01C1 /* ArtDetailView.swift */; };
		E18445EE238AAFC800EA01C1 /* SwiftyJSON in Frameworks */ = {isa = PBXBuildFile; productRef = E18445ED238AAFC800EA01C1 /* SwiftyJSON */; };
		E18445F4238AB14700EA01C1 /* MainView.swift in Sources */ = {isa = PBXBuildFile; fileRef = E18445F3238AB14700EA01C1 /* MainView.swift */; };
		E1C0541F238E5E0200949D01 /* SimpleProgressBar.swift in Sources */ = {isa = PBXBuildFile; fileRef = E1C0541E238E5E0200949D01 /* SimpleProgressBar.swift */; };
		E1C05424238E6D7000949D01 /* resultView.swift in Sources */ = {isa = PBXBuildFile; fileRef = E1C05423238E6D7000949D01 /* resultView.swift */; };
		E1E0510B2389A908001F22B2 /* IntroductionDetailView.swift in Sources */ = {isa = PBXBuildFile; fileRef = E1E0510A2389A908001F22B2 /* IntroductionDetailView.swift */; };
		E1E0510E2389AB44001F22B2 /* TitleView.swift in Sources */ = {isa = PBXBuildFile; fileRef = E1E0510D2389AB44001F22B2 /* TitleView.swift */; };
		E1E051102389ABCA001F22B2 /* ButtonModifier.swift in Sources */ = {isa = PBXBuildFile; fileRef = E1E0510F2389ABCA001F22B2 /* ButtonModifier.swift */; };
		E1E051162389B3B9001F22B2 /* ArtMainView.swift in Sources */ = {isa = PBXBuildFile; fileRef = E1E051152389B3B9001F22B2 /* ArtMainView.swift */; };
		E1EEEABC238ECEC200188BA9 /* Kanji.swift in Sources */ = {isa = PBXBuildFile; fileRef = E1EEEABB238ECEC200188BA9 /* Kanji.swift */; };
		E1EEEAC4238EF86300188BA9 /* NetworkManager.swift in Sources */ = {isa = PBXBuildFile; fileRef = E1EEEAC3238EF86300188BA9 /* NetworkManager.swift */; };
/* End PBXBuildFile section */

/* Begin PBXFileReference section */
		E11C0BC02397FD7700B0D881 /* SignIn.swift */ = {isa = PBXFileReference; lastKnownFileType = sourcecode.swift; path = SignIn.swift; sourceTree = "<group>"; };
		E16932902388483E0017B4FE /* SpeedKanji.app */ = {isa = PBXFileReference; explicitFileType = wrapper.application; includeInIndex = 0; path = SpeedKanji.app; sourceTree = BUILT_PRODUCTS_DIR; };
		E16932932388483E0017B4FE /* AppDelegate.swift */ = {isa = PBXFileReference; lastKnownFileType = sourcecode.swift; path = AppDelegate.swift; sourceTree = "<group>"; };
		E16932952388483E0017B4FE /* SceneDelegate.swift */ = {isa = PBXFileReference; lastKnownFileType = sourcecode.swift; path = SceneDelegate.swift; sourceTree = "<group>"; };
		E16932972388483E0017B4FE /* ContentView.swift */ = {isa = PBXFileReference; lastKnownFileType = sourcecode.swift; path = ContentView.swift; sourceTree = "<group>"; };
		E1693299238848410017B4FE /* Assets.xcassets */ = {isa = PBXFileReference; lastKnownFileType = folder.assetcatalog; path = Assets.xcassets; sourceTree = "<group>"; };
		E169329C238848410017B4FE /* Preview Assets.xcassets */ = {isa = PBXFileReference; lastKnownFileType = folder.assetcatalog; path = "Preview Assets.xcassets"; sourceTree = "<group>"; };
		E169329F238848410017B4FE /* Base */ = {isa = PBXFileReference; lastKnownFileType = file.storyboard; name = Base; path = Base.lproj/LaunchScreen.storyboard; sourceTree = "<group>"; };
		E16932A1238848410017B4FE /* Info.plist */ = {isa = PBXFileReference; lastKnownFileType = text.plist.xml; path = Info.plist; sourceTree = "<group>"; };
		E16932AA23884FC70017B4FE /* IntroView.swift */ = {isa = PBXFileReference; lastKnownFileType = sourcecode.swift; path = IntroView.swift; sourceTree = "<group>"; };
		E16CAFE0238974840005483D /* BarView.swift */ = {isa = PBXFileReference; lastKnownFileType = sourcecode.swift; path = BarView.swift; sourceTree = "<group>"; };
		E18445E3238A6D5D00EA01C1 /* Artwork.swift */ = {isa = PBXFileReference; fileEncoding = 4; lastKnownFileType = sourcecode.swift; name = Artwork.swift; path = "../../../../../../Downloads/SwiftUI-Nav-Materials/PublicArt-Starter/PublicArt/PublicArt/Artwork.swift"; sourceTree = "<group>"; };
		E18445E5238A77AD00EA01C1 /* ArtDetailView.swift */ = {isa = PBXFileReference; lastKnownFileType = sourcecode.swift; path = ArtDetailView.swift; sourceTree = "<group>"; };
		E18445F3238AB14700EA01C1 /* MainView.swift */ = {isa = PBXFileReference; lastKnownFileType = sourcecode.swift; path = MainView.swift; sourceTree = "<group>"; };
		E1C0541E238E5E0200949D01 /* SimpleProgressBar.swift */ = {isa = PBXFileReference; lastKnownFileType = sourcecode.swift; path = SimpleProgressBar.swift; sourceTree = "<group>"; };
		E1C05423238E6D7000949D01 /* resultView.swift */ = {isa = PBXFileReference; lastKnownFileType = sourcecode.swift; path = resultView.swift; sourceTree = "<group>"; };
		E1E0510A2389A908001F22B2 /* IntroductionDetailView.swift */ = {isa = PBXFileReference; lastKnownFileType = sourcecode.swift; path = IntroductionDetailView.swift; sourceTree = "<group>"; };
		E1E0510D2389AB44001F22B2 /* TitleView.swift */ = {isa = PBXFileReference; lastKnownFileType = sourcecode.swift; path = TitleView.swift; sourceTree = "<group>"; };
		E1E0510F2389ABCA001F22B2 /* ButtonModifier.swift */ = {isa = PBXFileReference; lastKnownFileType = sourcecode.swift; path = ButtonModifier.swift; sourceTree = "<group>"; };
		E1E051152389B3B9001F22B2 /* ArtMainView.swift */ = {isa = PBXFileReference; lastKnownFileType = sourcecode.swift; path = ArtMainView.swift; sourceTree = "<group>"; };
		E1EEEABB238ECEC200188BA9 /* Kanji.swift */ = {isa = PBXFileReference; lastKnownFileType = sourcecode.swift; path = Kanji.swift; sourceTree = "<group>"; };
		E1EEEAC3238EF86300188BA9 /* NetworkManager.swift */ = {isa = PBXFileReference; lastKnownFileType = sourcecode.swift; path = NetworkManager.swift; sourceTree = "<group>"; };
/* End PBXFileReference section */

/* Begin PBXFrameworksBuildPhase section */
		E169328D2388483E0017B4FE /* Frameworks */ = {
			isa = PBXFrameworksBuildPhase;
			buildActionMask = 2147483647;
			files = (
				E18445EE238AAFC800EA01C1 /* SwiftyJSON in Frameworks */,
				E13B0E4D2390368100FF8A9A /* Alamofire in Frameworks */,
			);
			runOnlyForDeploymentPostprocessing = 0;
		};
/* End PBXFrameworksBuildPhase section */

/* Begin PBXGroup section */
		E13ED0C2238D221000A78BFB /* ProgressBar */ = {
			isa = PBXGroup;
			children = (
				E1C0541E238E5E0200949D01 /* SimpleProgressBar.swift */,
			);
			path = ProgressBar;
			sourceTree = "<group>";
		};
		E16932872388483E0017B4FE = {
			isa = PBXGroup;
			children = (
				E16932922388483E0017B4FE /* SpeedKanji */,
				E16932912388483E0017B4FE /* Products */,
			);
			sourceTree = "<group>";
		};
		E16932912388483E0017B4FE /* Products */ = {
			isa = PBXGroup;
			children = (
				E16932902388483E0017B4FE /* SpeedKanji.app */,
			);
			name = Products;
			sourceTree = "<group>";
		};
		E16932922388483E0017B4FE /* SpeedKanji */ = {
			isa = PBXGroup;
			children = (
				E1EEEABD238EEE2100188BA9 /* Networking */,
				E16CAFDE238974380005483D /* Controller */,
				E16CAFDF238974420005483D /* Model */,
				E16CAFE223897AFA0005483D /* View */,
				E1C05421238E664500949D01 /* Menu */,
				E1693299238848410017B4FE /* Assets.xcassets */,
				E169329E238848410017B4FE /* LaunchScreen.storyboard */,
				E16932932388483E0017B4FE /* AppDelegate.swift */,
				E16932952388483E0017B4FE /* SceneDelegate.swift */,
				E16932A1238848410017B4FE /* Info.plist */,
				E169329B238848410017B4FE /* Preview Content */,
			);
			path = SpeedKanji;
			sourceTree = "<group>";
		};
		E169329B238848410017B4FE /* Preview Content */ = {
			isa = PBXGroup;
			children = (
				E169329C238848410017B4FE /* Preview Assets.xcassets */,
			);
			path = "Preview Content";
			sourceTree = "<group>";
		};
		E16CAFDE238974380005483D /* Controller */ = {
			isa = PBXGroup;
			children = (
			);
			path = Controller;
			sourceTree = "<group>";
		};
		E16CAFDF238974420005483D /* Model */ = {
			isa = PBXGroup;
			children = (
				E1EEEABB238ECEC200188BA9 /* Kanji.swift */,
			);
			path = Model;
			sourceTree = "<group>";
		};
		E16CAFE223897AFA0005483D /* View */ = {
			isa = PBXGroup;
			children = (
				E18445F2238AB10100EA01C1 /* Main */,
				E1E051142389B39F001F22B2 /* Results */,
				E1E051132389B37A001F22B2 /* Demo */,
				E1E0510C2389AB1E001F22B2 /* Intro */,
				E11C0BC02397FD7700B0D881 /* SignIn.swift */,
			);
			path = View;
			sourceTree = "<group>";
		};
		E18445F2238AB10100EA01C1 /* Main */ = {
			isa = PBXGroup;
			children = (
				E18445F3238AB14700EA01C1 /* MainView.swift */,
				E13ED0C2238D221000A78BFB /* ProgressBar */,
			);
			path = Main;
			sourceTree = "<group>";
		};
		E1C05421238E664500949D01 /* Menu */ = {
			isa = PBXGroup;
			children = (
				E16932972388483E0017B4FE /* ContentView.swift */,
			);
			path = Menu;
			sourceTree = "<group>";
		};
		E1E0510C2389AB1E001F22B2 /* Intro */ = {
			isa = PBXGroup;
			children = (
				E16932AA23884FC70017B4FE /* IntroView.swift */,
				E1E0510A2389A908001F22B2 /* IntroductionDetailView.swift */,
				E1E0510D2389AB44001F22B2 /* TitleView.swift */,
				E1E0510F2389ABCA001F22B2 /* ButtonModifier.swift */,
			);
			path = Intro;
			sourceTree = "<group>";
		};
		E1E051132389B37A001F22B2 /* Demo */ = {
			isa = PBXGroup;
			children = (
				E18445E3238A6D5D00EA01C1 /* Artwork.swift */,
				E1E051152389B3B9001F22B2 /* ArtMainView.swift */,
				E18445E5238A77AD00EA01C1 /* ArtDetailView.swift */,
			);
			path = Demo;
			sourceTree = "<group>";
		};
		E1E051142389B39F001F22B2 /* Results */ = {
			isa = PBXGroup;
			children = (
				E16CAFE0238974840005483D /* BarView.swift */,
				E1C05423238E6D7000949D01 /* resultView.swift */,
			);
			path = Results;
			sourceTree = "<group>";
		};
		E1EEEABD238EEE2100188BA9 /* Networking */ = {
			isa = PBXGroup;
			children = (
				E1EEEAC3238EF86300188BA9 /* NetworkManager.swift */,
			);
			path = Networking;
			sourceTree = "<group>";
		};
/* End PBXGroup section */

/* Begin PBXNativeTarget section */
		E169328F2388483E0017B4FE /* SpeedKanji */ = {
			isa = PBXNativeTarget;
			buildConfigurationList = E16932A4238848410017B4FE /* Build configuration list for PBXNativeTarget "SpeedKanji" */;
			buildPhases = (
				E169328C2388483E0017B4FE /* Sources */,
				E169328D2388483E0017B4FE /* Frameworks */,
				E169328E2388483E0017B4FE /* Resources */,
			);
			buildRules = (
			);
			dependencies = (
			);
			name = SpeedKanji;
			packageProductDependencies = (
				E18445ED238AAFC800EA01C1 /* SwiftyJSON */,
				E13B0E4C2390368100FF8A9A /* Alamofire */,
			);
			productName = SpeedKanji;
			productReference = E16932902388483E0017B4FE /* SpeedKanji.app */;
			productType = "com.apple.product-type.application";
		};
/* End PBXNativeTarget section */

/* Begin PBXProject section */
		E16932882388483E0017B4FE /* Project object */ = {
			isa = PBXProject;
			attributes = {
				LastSwiftUpdateCheck = 1120;
				LastUpgradeCheck = 1120;
				ORGANIZATIONNAME = "Siddharth sen";
				TargetAttributes = {
					E169328F2388483E0017B4FE = {
						CreatedOnToolsVersion = 11.2.1;
					};
				};
			};
			buildConfigurationList = E169328B2388483E0017B4FE /* Build configuration list for PBXProject "SpeedKanji" */;
			compatibilityVersion = "Xcode 9.3";
			developmentRegion = en;
			hasScannedForEncodings = 0;
			knownRegions = (
				en,
				Base,
			);
			mainGroup = E16932872388483E0017B4FE;
			packageReferences = (
				E18445EC238AAFC800EA01C1 /* XCRemoteSwiftPackageReference "SwiftyJSON" */,
				E13B0E4B2390368100FF8A9A /* XCRemoteSwiftPackageReference "Alamofire" */,
			);
			productRefGroup = E16932912388483E0017B4FE /* Products */;
			projectDirPath = "";
			projectRoot = "";
			targets = (
				E169328F2388483E0017B4FE /* SpeedKanji */,
			);
		};
/* End PBXProject section */

/* Begin PBXResourcesBuildPhase section */
		E169328E2388483E0017B4FE /* Resources */ = {
			isa = PBXResourcesBuildPhase;
			buildActionMask = 2147483647;
			files = (
				E16932A0238848410017B4FE /* LaunchScreen.storyboard in Resources */,
				E169329D238848410017B4FE /* Preview Assets.xcassets in Resources */,
				E169329A238848410017B4FE /* Assets.xcassets in Resources */,
			);
			runOnlyForDeploymentPostprocessing = 0;
		};
/* End PBXResourcesBuildPhase section */

/* Begin PBXSourcesBuildPhase section */
		E169328C2388483E0017B4FE /* Sources */ = {
			isa = PBXSourcesBuildPhase;
			buildActionMask = 2147483647;
			files = (
				E16932AB23884FC70017B4FE /* IntroView.swift in Sources */,
				E18445F4238AB14700EA01C1 /* MainView.swift in Sources */,
				E11C0BC12397FD7700B0D881 /* SignIn.swift in Sources */,
				E18445E6238A77AD00EA01C1 /* ArtDetailView.swift in Sources */,
				E18445E4238A6D5D00EA01C1 /* Artwork.swift in Sources */,
				E1EEEAC4238EF86300188BA9 /* NetworkManager.swift in Sources */,
				E1C0541F238E5E0200949D01 /* SimpleProgressBar.swift in Sources */,
				E1EEEABC238ECEC200188BA9 /* Kanji.swift in Sources */,
				E16932942388483E0017B4FE /* AppDelegate.swift in Sources */,
				E1E051162389B3B9001F22B2 /* ArtMainView.swift in Sources */,
				E16932962388483E0017B4FE /* SceneDelegate.swift in Sources */,
				E1E0510E2389AB44001F22B2 /* TitleView.swift in Sources */,
				E1C05424238E6D7000949D01 /* resultView.swift in Sources */,
				E1E051102389ABCA001F22B2 /* ButtonModifier.swift in Sources */,
				E1E0510B2389A908001F22B2 /* IntroductionDetailView.swift in Sources */,
				E16932982388483E0017B4FE /* ContentView.swift in Sources */,
				E16CAFE1238974840005483D /* BarView.swift in Sources */,
			);
			runOnlyForDeploymentPostprocessing = 0;
		};
/* End PBXSourcesBuildPhase section */

/* Begin PBXVariantGroup section */
		E169329E238848410017B4FE /* LaunchScreen.storyboard */ = {
			isa = PBXVariantGroup;
			children = (
				E169329F238848410017B4FE /* Base */,
			);
			name = LaunchScreen.storyboard;
			sourceTree = "<group>";
		};
/* End PBXVariantGroup section */

/* Begin XCBuildConfiguration section */
		E16932A2238848410017B4FE /* Debug */ = {
			isa = XCBuildConfiguration;
			buildSettings = {
				ALWAYS_SEARCH_USER_PATHS = NO;
				CLANG_ANALYZER_NONNULL = YES;
				CLANG_ANALYZER_NUMBER_OBJECT_CONVERSION = YES_AGGRESSIVE;
				CLANG_CXX_LANGUAGE_STANDARD = "gnu++14";
				CLANG_CXX_LIBRARY = "libc++";
				CLANG_ENABLE_MODULES = YES;
				CLANG_ENABLE_OBJC_ARC = YES;
				CLANG_ENABLE_OBJC_WEAK = YES;
				CLANG_WARN_BLOCK_CAPTURE_AUTORELEASING = YES;
				CLANG_WARN_BOOL_CONVERSION = YES;
				CLANG_WARN_COMMA = YES;
				CLANG_WARN_CONSTANT_CONVERSION = YES;
				CLANG_WARN_DEPRECATED_OBJC_IMPLEMENTATIONS = YES;
				CLANG_WARN_DIRECT_OBJC_ISA_USAGE = YES_ERROR;
				CLANG_WARN_DOCUMENTATION_COMMENTS = YES;
				CLANG_WARN_EMPTY_BODY = YES;
				CLANG_WARN_ENUM_CONVERSION = YES;
				CLANG_WARN_INFINITE_RECURSION = YES;
				CLANG_WARN_INT_CONVERSION = YES;
				CLANG_WARN_NON_LITERAL_NULL_CONVERSION = YES;
				CLANG_WARN_OBJC_IMPLICIT_RETAIN_SELF = YES;
				CLANG_WARN_OBJC_LITERAL_CONVERSION = YES;
				CLANG_WARN_OBJC_ROOT_CLASS = YES_ERROR;
				CLANG_WARN_RANGE_LOOP_ANALYSIS = YES;
				CLANG_WARN_STRICT_PROTOTYPES = YES;
				CLANG_WARN_SUSPICIOUS_MOVE = YES;
				CLANG_WARN_UNGUARDED_AVAILABILITY = YES_AGGRESSIVE;
				CLANG_WARN_UNREACHABLE_CODE = YES;
				CLANG_WARN__DUPLICATE_METHOD_MATCH = YES;
				COPY_PHASE_STRIP = NO;
				DEBUG_INFORMATION_FORMAT = dwarf;
				ENABLE_STRICT_OBJC_MSGSEND = YES;
				ENABLE_TESTABILITY = YES;
				GCC_C_LANGUAGE_STANDARD = gnu11;
				GCC_DYNAMIC_NO_PIC = NO;
				GCC_NO_COMMON_BLOCKS = YES;
				GCC_OPTIMIZATION_LEVEL = 0;
				GCC_PREPROCESSOR_DEFINITIONS = (
					"DEBUG=1",
					"$(inherited)",
				);
				GCC_WARN_64_TO_32_BIT_CONVERSION = YES;
				GCC_WARN_ABOUT_RETURN_TYPE = YES_ERROR;
				GCC_WARN_UNDECLARED_SELECTOR = YES;
				GCC_WARN_UNINITIALIZED_AUTOS = YES_AGGRESSIVE;
				GCC_WARN_UNUSED_FUNCTION = YES;
				GCC_WARN_UNUSED_VARIABLE = YES;
				IPHONEOS_DEPLOYMENT_TARGET = 13.2;
				MTL_ENABLE_DEBUG_INFO = INCLUDE_SOURCE;
				MTL_FAST_MATH = YES;
				ONLY_ACTIVE_ARCH = YES;
				SDKROOT = iphoneos;
				SWIFT_ACTIVE_COMPILATION_CONDITIONS = DEBUG;
				SWIFT_OPTIMIZATION_LEVEL = "-Onone";
			};
			name = Debug;
		};
		E16932A3238848410017B4FE /* Release */ = {
			isa = XCBuildConfiguration;
			buildSettings = {
				ALWAYS_SEARCH_USER_PATHS = NO;
				CLANG_ANALYZER_NONNULL = YES;
				CLANG_ANALYZER_NUMBER_OBJECT_CONVERSION = YES_AGGRESSIVE;
				CLANG_CXX_LANGUAGE_STANDARD = "gnu++14";
				CLANG_CXX_LIBRARY = "libc++";
				CLANG_ENABLE_MODULES = YES;
				CLANG_ENABLE_OBJC_ARC = YES;
				CLANG_ENABLE_OBJC_WEAK = YES;
				CLANG_WARN_BLOCK_CAPTURE_AUTORELEASING = YES;
				CLANG_WARN_BOOL_CONVERSION = YES;
				CLANG_WARN_COMMA = YES;
				CLANG_WARN_CONSTANT_CONVERSION = YES;
				CLANG_WARN_DEPRECATED_OBJC_IMPLEMENTATIONS = YES;
				CLANG_WARN_DIRECT_OBJC_ISA_USAGE = YES_ERROR;
				CLANG_WARN_DOCUMENTATION_COMMENTS = YES;
				CLANG_WARN_EMPTY_BODY = YES;
				CLANG_WARN_ENUM_CONVERSION = YES;
				CLANG_WARN_INFINITE_RECURSION = YES;
				CLANG_WARN_INT_CONVERSION = YES;
				CLANG_WARN_NON_LITERAL_NULL_CONVERSION = YES;
				CLANG_WARN_OBJC_IMPLICIT_RETAIN_SELF = YES;
				CLANG_WARN_OBJC_LITERAL_CONVERSION = YES;
				CLANG_WARN_OBJC_ROOT_CLASS = YES_ERROR;
				CLANG_WARN_RANGE_LOOP_ANALYSIS = YES;
				CLANG_WARN_STRICT_PROTOTYPES = YES;
				CLANG_WARN_SUSPICIOUS_MOVE = YES;
				CLANG_WARN_UNGUARDED_AVAILABILITY = YES_AGGRESSIVE;
				CLANG_WARN_UNREACHABLE_CODE = YES;
				CLANG_WARN__DUPLICATE_METHOD_MATCH = YES;
				COPY_PHASE_STRIP = NO;
				DEBUG_INFORMATION_FORMAT = "dwarf-with-dsym";
				ENABLE_NS_ASSERTIONS = NO;
				ENABLE_STRICT_OBJC_MSGSEND = YES;
				GCC_C_LANGUAGE_STANDARD = gnu11;
				GCC_NO_COMMON_BLOCKS = YES;
				GCC_WARN_64_TO_32_BIT_CONVERSION = YES;
				GCC_WARN_ABOUT_RETURN_TYPE = YES_ERROR;
				GCC_WARN_UNDECLARED_SELECTOR = YES;
				GCC_WARN_UNINITIALIZED_AUTOS = YES_AGGRESSIVE;
				GCC_WARN_UNUSED_FUNCTION = YES;
				GCC_WARN_UNUSED_VARIABLE = YES;
				IPHONEOS_DEPLOYMENT_TARGET = 13.2;
				MTL_ENABLE_DEBUG_INFO = NO;
				MTL_FAST_MATH = YES;
				SDKROOT = iphoneos;
				SWIFT_COMPILATION_MODE = wholemodule;
				SWIFT_OPTIMIZATION_LEVEL = "-O";
				VALIDATE_PRODUCT = YES;
			};
			name = Release;
		};
		E16932A5238848410017B4FE /* Debug */ = {
			isa = XCBuildConfiguration;
			buildSettings = {
				ASSETCATALOG_COMPILER_APPICON_NAME = AppIcon;
				CODE_SIGN_STYLE = Automatic;
				DEVELOPMENT_ASSET_PATHS = "\"SpeedKanji/Preview Content\"";
				DEVELOPMENT_TEAM = 9F94YLNW6S;
				ENABLE_PREVIEWS = YES;
				INFOPLIST_FILE = SpeedKanji/Info.plist;
				LD_RUNPATH_SEARCH_PATHS = (
					"$(inherited)",
					"@executable_path/Frameworks",
				);
				PRODUCT_BUNDLE_IDENTIFIER = com.halfpolygon.SpeedKanji;
				PRODUCT_NAME = "$(TARGET_NAME)";
				SWIFT_VERSION = 5.0;
				TARGETED_DEVICE_FAMILY = "1,2";
			};
			name = Debug;
		};
		E16932A6238848410017B4FE /* Release */ = {
			isa = XCBuildConfiguration;
			buildSettings = {
				ASSETCATALOG_COMPILER_APPICON_NAME = AppIcon;
				CODE_SIGN_STYLE = Automatic;
				DEVELOPMENT_ASSET_PATHS = "\"SpeedKanji/Preview Content\"";
				DEVELOPMENT_TEAM = 9F94YLNW6S;
				ENABLE_PREVIEWS = YES;
				INFOPLIST_FILE = SpeedKanji/Info.plist;
				LD_RUNPATH_SEARCH_PATHS = (
					"$(inherited)",
					"@executable_path/Frameworks",
				);
				PRODUCT_BUNDLE_IDENTIFIER = com.halfpolygon.SpeedKanji;
				PRODUCT_NAME = "$(TARGET_NAME)";
				SWIFT_VERSION = 5.0;
				TARGETED_DEVICE_FAMILY = "1,2";
			};
			name = Release;
		};
/* End XCBuildConfiguration section */

/* Begin XCConfigurationList section */
		E169328B2388483E0017B4FE /* Build configuration list for PBXProject "SpeedKanji" */ = {
			isa = XCConfigurationList;
			buildConfigurations = (
				E16932A2238848410017B4FE /* Debug */,
				E16932A3238848410017B4FE /* Release */,
			);
			defaultConfigurationIsVisible = 0;
			defaultConfigurationName = Release;
		};
		E16932A4238848410017B4FE /* Build configuration list for PBXNativeTarget "SpeedKanji" */ = {
			isa = XCConfigurationList;
			buildConfigurations = (
				E16932A5238848410017B4FE /* Debug */,
				E16932A6238848410017B4FE /* Release */,
			);
			defaultConfigurationIsVisible = 0;
			defaultConfigurationName = Release;
		};
/* End XCConfigurationList section */

/* Begin XCRemoteSwiftPackageReference section */
		E13B0E4B2390368100FF8A9A /* XCRemoteSwiftPackageReference "Alamofire" */ = {
			isa = XCRemoteSwiftPackageReference;
			repositoryURL = "https://github.com/Alamofire/Alamofire.git";
			requirement = {
				kind = exactVersion;
				version = "5.0.0-rc.3";
			};
		};
		E18445EC238AAFC800EA01C1 /* XCRemoteSwiftPackageReference "SwiftyJSON" */ = {
			isa = XCRemoteSwiftPackageReference;
			repositoryURL = "https://github.com/SwiftyJSON/SwiftyJSON.git";
			requirement = {
				kind = upToNextMajorVersion;
				minimumVersion = 5.0.0;
			};
		};
/* End XCRemoteSwiftPackageReference section */

/* Begin XCSwiftPackageProductDependency section */
		E13B0E4C2390368100FF8A9A /* Alamofire */ = {
			isa = XCSwiftPackageProductDependency;
			package = E13B0E4B2390368100FF8A9A /* XCRemoteSwiftPackageReference "Alamofire" */;
			productName = Alamofire;
		};
		E18445ED238AAFC800EA01C1 /* SwiftyJSON */ = {
			isa = XCSwiftPackageProductDependency;
			package = E18445EC238AAFC800EA01C1 /* XCRemoteSwiftPackageReference "SwiftyJSON" */;
			productName = SwiftyJSON;
		};
/* End XCSwiftPackageProductDependency section */
	};
	rootObject = E16932882388483E0017B4FE /* Project object */;
}
